// !$*UTF8*$!
{
	archiveVersion = 1;
	classes = {
	};
	objectVersion = 50;
	objects = {

/* Begin PBXBuildFile section */
		292CA0D674AE2B88E7B7C0BB /* libPods-MHPickerView.a in Frameworks */ = {isa = PBXBuildFile; fileRef = BCDE06B95EFBF227AB3F5627 /* libPods-MHPickerView.a */; };
		72146A5422BE24ED007A76DF /* AppDelegate.m in Sources */ = {isa = PBXBuildFile; fileRef = 72146A5322BE24ED007A76DF /* AppDelegate.m */; };
		72146A5722BE24ED007A76DF /* ViewController.m in Sources */ = {isa = PBXBuildFile; fileRef = 72146A5622BE24ED007A76DF /* ViewController.m */; };
		72146A5A22BE24ED007A76DF /* Main.storyboard in Resources */ = {isa = PBXBuildFile; fileRef = 72146A5822BE24ED007A76DF /* Main.storyboard */; };
		72146A5C22BE24F0007A76DF /* Assets.xcassets in Resources */ = {isa = PBXBuildFile; fileRef = 72146A5B22BE24F0007A76DF /* Assets.xcassets */; };
		72146A5F22BE24F0007A76DF /* LaunchScreen.storyboard in Resources */ = {isa = PBXBuildFile; fileRef = 72146A5D22BE24F0007A76DF /* LaunchScreen.storyboard */; };
		72146A6222BE24F0007A76DF /* main.m in Sources */ = {isa = PBXBuildFile; fileRef = 72146A6122BE24F0007A76DF /* main.m */; };
		72146A6C22BE24F0007A76DF /* MHPickerViewTests.m in Sources */ = {isa = PBXBuildFile; fileRef = 72146A6B22BE24F0007A76DF /* MHPickerViewTests.m */; };
		72146A7722BE24F0007A76DF /* MHPickerViewUITests.m in Sources */ = {isa = PBXBuildFile; fileRef = 72146A7622BE24F0007A76DF /* MHPickerViewUITests.m */; };
		72146A9422BE2E87007A76DF /* MOFSPickerView.m in Sources */ = {isa = PBXBuildFile; fileRef = 72146A8822BE2E86007A76DF /* MOFSPickerView.m */; };
		72146A9522BE2E87007A76DF /* MOFSPickerManager.m in Sources */ = {isa = PBXBuildFile; fileRef = 72146A8922BE2E86007A76DF /* MOFSPickerManager.m */; };
		72146A9622BE2E87007A76DF /* MOFSAddressPickerView.m in Sources */ = {isa = PBXBuildFile; fileRef = 72146A8B22BE2E86007A76DF /* MOFSAddressPickerView.m */; };
		72146A9722BE2E87007A76DF /* AddressModel.m in Sources */ = {isa = PBXBuildFile; fileRef = 72146A8C22BE2E86007A76DF /* AddressModel.m */; };
		72146A9822BE2E87007A76DF /* MOFSToolView.m in Sources */ = {isa = PBXBuildFile; fileRef = 72146A8E22BE2E86007A76DF /* MOFSToolView.m */; };
		72146A9922BE2E87007A76DF /* MOFSDatePicker.m in Sources */ = {isa = PBXBuildFile; fileRef = 72146A9022BE2E86007A76DF /* MOFSDatePicker.m */; };
		7239EBDA22C4ABB8008E72D7 /* MHMultipleSelectionPickerView.m in Sources */ = {isa = PBXBuildFile; fileRef = 7239EBD922C4ABB8008E72D7 /* MHMultipleSelectionPickerView.m */; };
		723EA49922C5AA3E00C8E94E /* MultipleSelectedView.m in Sources */ = {isa = PBXBuildFile; fileRef = 723EA49822C5AA3E00C8E94E /* MultipleSelectedView.m */; };
		723EA49F22C5AD3800C8E94E /* MH_Public_NoSelected@2x.png in Resources */ = {isa = PBXBuildFile; fileRef = 723EA49B22C5AD3800C8E94E /* MH_Public_NoSelected@2x.png */; };
		723EA4A022C5AD3800C8E94E /* MH_Public_Selected@2x.png in Resources */ = {isa = PBXBuildFile; fileRef = 723EA49C22C5AD3800C8E94E /* MH_Public_Selected@2x.png */; };
		723EA4A122C5AD3800C8E94E /* MH_Public_NoSelected@3x.png in Resources */ = {isa = PBXBuildFile; fileRef = 723EA49D22C5AD3800C8E94E /* MH_Public_NoSelected@3x.png */; };
		723EA4A222C5AD3800C8E94E /* MH_Public_Selected@3x.png in Resources */ = {isa = PBXBuildFile; fileRef = 723EA49E22C5AD3800C8E94E /* MH_Public_Selected@3x.png */; };
		725BCFE422C06ADF00E5376A /* province_data.xml in Resources */ = {isa = PBXBuildFile; fileRef = 725BCFE322C06ADF00E5376A /* province_data.xml */; };
/* End PBXBuildFile section */

/* Begin PBXContainerItemProxy section */
		72146A6822BE24F0007A76DF /* PBXContainerItemProxy */ = {
			isa = PBXContainerItemProxy;
			containerPortal = 72146A4722BE24ED007A76DF /* Project object */;
			proxyType = 1;
			remoteGlobalIDString = 72146A4E22BE24ED007A76DF;
			remoteInfo = MHPickerView;
		};
		72146A7322BE24F0007A76DF /* PBXContainerItemProxy */ = {
			isa = PBXContainerItemProxy;
			containerPortal = 72146A4722BE24ED007A76DF /* Project object */;
			proxyType = 1;
			remoteGlobalIDString = 72146A4E22BE24ED007A76DF;
			remoteInfo = MHPickerView;
		};
/* End PBXContainerItemProxy section */

/* Begin PBXFileReference section */
		2E6929344D224D88D2AFE305 /* Pods-MHPickerView.release.xcconfig */ = {isa = PBXFileReference; includeInIndex = 1; lastKnownFileType = text.xcconfig; name = "Pods-MHPickerView.release.xcconfig"; path = "Target Support Files/Pods-MHPickerView/Pods-MHPickerView.release.xcconfig"; sourceTree = "<group>"; };
		72146A4F22BE24ED007A76DF /* MHPickerView.app */ = {isa = PBXFileReference; explicitFileType = wrapper.application; includeInIndex = 0; path = MHPickerView.app; sourceTree = BUILT_PRODUCTS_DIR; };
		72146A5222BE24ED007A76DF /* AppDelegate.h */ = {isa = PBXFileReference; lastKnownFileType = sourcecode.c.h; path = AppDelegate.h; sourceTree = "<group>"; };
		72146A5322BE24ED007A76DF /* AppDelegate.m */ = {isa = PBXFileReference; lastKnownFileType = sourcecode.c.objc; path = AppDelegate.m; sourceTree = "<group>"; };
		72146A5522BE24ED007A76DF /* ViewController.h */ = {isa = PBXFileReference; lastKnownFileType = sourcecode.c.h; path = ViewController.h; sourceTree = "<group>"; };
		72146A5622BE24ED007A76DF /* ViewController.m */ = {isa = PBXFileReference; lastKnownFileType = sourcecode.c.objc; path = ViewController.m; sourceTree = "<group>"; };
		72146A5922BE24ED007A76DF /* Base */ = {isa = PBXFileReference; lastKnownFileType = file.storyboard; name = Base; path = Base.lproj/Main.storyboard; sourceTree = "<group>"; };
		72146A5B22BE24F0007A76DF /* Assets.xcassets */ = {isa = PBXFileReference; lastKnownFileType = folder.assetcatalog; path = Assets.xcassets; sourceTree = "<group>"; };
		72146A5E22BE24F0007A76DF /* Base */ = {isa = PBXFileReference; lastKnownFileType = file.storyboard; name = Base; path = Base.lproj/LaunchScreen.storyboard; sourceTree = "<group>"; };
		72146A6022BE24F0007A76DF /* Info.plist */ = {isa = PBXFileReference; lastKnownFileType = text.plist.xml; path = Info.plist; sourceTree = "<group>"; };
		72146A6122BE24F0007A76DF /* main.m */ = {isa = PBXFileReference; lastKnownFileType = sourcecode.c.objc; path = main.m; sourceTree = "<group>"; };
		72146A6722BE24F0007A76DF /* MHPickerViewTests.xctest */ = {isa = PBXFileReference; explicitFileType = wrapper.cfbundle; includeInIndex = 0; path = MHPickerViewTests.xctest; sourceTree = BUILT_PRODUCTS_DIR; };
		72146A6B22BE24F0007A76DF /* MHPickerViewTests.m */ = {isa = PBXFileReference; lastKnownFileType = sourcecode.c.objc; path = MHPickerViewTests.m; sourceTree = "<group>"; };
		72146A6D22BE24F0007A76DF /* Info.plist */ = {isa = PBXFileReference; lastKnownFileType = text.plist.xml; path = Info.plist; sourceTree = "<group>"; };
		72146A7222BE24F0007A76DF /* MHPickerViewUITests.xctest */ = {isa = PBXFileReference; explicitFileType = wrapper.cfbundle; includeInIndex = 0; path = MHPickerViewUITests.xctest; sourceTree = BUILT_PRODUCTS_DIR; };
		72146A7622BE24F0007A76DF /* MHPickerViewUITests.m */ = {isa = PBXFileReference; lastKnownFileType = sourcecode.c.objc; path = MHPickerViewUITests.m; sourceTree = "<group>"; };
		72146A7822BE24F0007A76DF /* Info.plist */ = {isa = PBXFileReference; lastKnownFileType = text.plist.xml; path = Info.plist; sourceTree = "<group>"; };
		72146A8822BE2E86007A76DF /* MOFSPickerView.m */ = {isa = PBXFileReference; fileEncoding = 4; lastKnownFileType = sourcecode.c.objc; path = MOFSPickerView.m; sourceTree = "<group>"; };
		72146A8922BE2E86007A76DF /* MOFSPickerManager.m */ = {isa = PBXFileReference; fileEncoding = 4; lastKnownFileType = sourcecode.c.objc; path = MOFSPickerManager.m; sourceTree = "<group>"; };
		72146A8A22BE2E86007A76DF /* MOFSDatePicker.h */ = {isa = PBXFileReference; fileEncoding = 4; lastKnownFileType = sourcecode.c.h; path = MOFSDatePicker.h; sourceTree = "<group>"; };
		72146A8B22BE2E86007A76DF /* MOFSAddressPickerView.m */ = {isa = PBXFileReference; fileEncoding = 4; lastKnownFileType = sourcecode.c.objc; path = MOFSAddressPickerView.m; sourceTree = "<group>"; };
		72146A8C22BE2E86007A76DF /* AddressModel.m */ = {isa = PBXFileReference; fileEncoding = 4; lastKnownFileType = sourcecode.c.objc; path = AddressModel.m; sourceTree = "<group>"; };
		72146A8D22BE2E86007A76DF /* MOFSAddressPickerView.h */ = {isa = PBXFileReference; fileEncoding = 4; lastKnownFileType = sourcecode.c.h; path = MOFSAddressPickerView.h; sourceTree = "<group>"; };
		72146A8E22BE2E86007A76DF /* MOFSToolView.m */ = {isa = PBXFileReference; fileEncoding = 4; lastKnownFileType = sourcecode.c.objc; path = MOFSToolView.m; sourceTree = "<group>"; };
		72146A8F22BE2E86007A76DF /* MOFSPickerView.h */ = {isa = PBXFileReference; fileEncoding = 4; lastKnownFileType = sourcecode.c.h; path = MOFSPickerView.h; sourceTree = "<group>"; };
		72146A9022BE2E86007A76DF /* MOFSDatePicker.m */ = {isa = PBXFileReference; fileEncoding = 4; lastKnownFileType = sourcecode.c.objc; path = MOFSDatePicker.m; sourceTree = "<group>"; };
		72146A9122BE2E86007A76DF /* MOFSToolView.h */ = {isa = PBXFileReference; fileEncoding = 4; lastKnownFileType = sourcecode.c.h; path = MOFSToolView.h; sourceTree = "<group>"; };
		72146A9222BE2E86007A76DF /* MOFSPickerManager.h */ = {isa = PBXFileReference; fileEncoding = 4; lastKnownFileType = sourcecode.c.h; path = MOFSPickerManager.h; sourceTree = "<group>"; };
		72146A9322BE2E86007A76DF /* AddressModel.h */ = {isa = PBXFileReference; fileEncoding = 4; lastKnownFileType = sourcecode.c.h; path = AddressModel.h; sourceTree = "<group>"; };
		7239EBD822C4ABB8008E72D7 /* MHMultipleSelectionPickerView.h */ = {isa = PBXFileReference; lastKnownFileType = sourcecode.c.h; path = MHMultipleSelectionPickerView.h; sourceTree = "<group>"; };
		7239EBD922C4ABB8008E72D7 /* MHMultipleSelectionPickerView.m */ = {isa = PBXFileReference; lastKnownFileType = sourcecode.c.objc; path = MHMultipleSelectionPickerView.m; sourceTree = "<group>"; };
		723EA49722C5AA3E00C8E94E /* MultipleSelectedView.h */ = {isa = PBXFileReference; lastKnownFileType = sourcecode.c.h; path = MultipleSelectedView.h; sourceTree = "<group>"; };
		723EA49822C5AA3E00C8E94E /* MultipleSelectedView.m */ = {isa = PBXFileReference; lastKnownFileType = sourcecode.c.objc; path = MultipleSelectedView.m; sourceTree = "<group>"; };
		723EA49B22C5AD3800C8E94E /* MH_Public_NoSelected@2x.png */ = {isa = PBXFileReference; lastKnownFileType = image.png; path = "MH_Public_NoSelected@2x.png"; sourceTree = "<group>"; };
		723EA49C22C5AD3800C8E94E /* MH_Public_Selected@2x.png */ = {isa = PBXFileReference; lastKnownFileType = image.png; path = "MH_Public_Selected@2x.png"; sourceTree = "<group>"; };
		723EA49D22C5AD3800C8E94E /* MH_Public_NoSelected@3x.png */ = {isa = PBXFileReference; lastKnownFileType = image.png; path = "MH_Public_NoSelected@3x.png"; sourceTree = "<group>"; };
		723EA49E22C5AD3800C8E94E /* MH_Public_Selected@3x.png */ = {isa = PBXFileReference; lastKnownFileType = image.png; path = "MH_Public_Selected@3x.png"; sourceTree = "<group>"; };
		725BCFE322C06ADF00E5376A /* province_data.xml */ = {isa = PBXFileReference; fileEncoding = 4; lastKnownFileType = text.xml; path = province_data.xml; sourceTree = "<group>"; };
		85A56F1DCFBE8FA623521BE2 /* Pods-MHPickerView.debug.xcconfig */ = {isa = PBXFileReference; includeInIndex = 1; lastKnownFileType = text.xcconfig; name = "Pods-MHPickerView.debug.xcconfig"; path = "Target Support Files/Pods-MHPickerView/Pods-MHPickerView.debug.xcconfig"; sourceTree = "<group>"; };
		BCDE06B95EFBF227AB3F5627 /* libPods-MHPickerView.a */ = {isa = PBXFileReference; explicitFileType = archive.ar; includeInIndex = 0; path = "libPods-MHPickerView.a"; sourceTree = BUILT_PRODUCTS_DIR; };
/* End PBXFileReference section */

/* Begin PBXFrameworksBuildPhase section */
		72146A4C22BE24ED007A76DF /* Frameworks */ = {
			isa = PBXFrameworksBuildPhase;
			buildActionMask = 2147483647;
			files = (
				292CA0D674AE2B88E7B7C0BB /* libPods-MHPickerView.a in Frameworks */,
			);
			runOnlyForDeploymentPostprocessing = 0;
		};
		72146A6422BE24F0007A76DF /* Frameworks */ = {
			isa = PBXFrameworksBuildPhase;
			buildActionMask = 2147483647;
			files = (
			);
			runOnlyForDeploymentPostprocessing = 0;
		};
		72146A6F22BE24F0007A76DF /* Frameworks */ = {
			isa = PBXFrameworksBuildPhase;
			buildActionMask = 2147483647;
			files = (
			);
			runOnlyForDeploymentPostprocessing = 0;
		};
/* End PBXFrameworksBuildPhase section */

/* Begin PBXGroup section */
		202165BAA54C18A68CE60B3C /* Frameworks */ = {
			isa = PBXGroup;
			children = (
				BCDE06B95EFBF227AB3F5627 /* libPods-MHPickerView.a */,
			);
			name = Frameworks;
			sourceTree = "<group>";
		};
		72146A4622BE24ED007A76DF = {
			isa = PBXGroup;
			children = (
				72146A5122BE24ED007A76DF /* MHPickerView */,
				72146A6A22BE24F0007A76DF /* MHPickerViewTests */,
				72146A7522BE24F0007A76DF /* MHPickerViewUITests */,
				72146A5022BE24ED007A76DF /* Products */,
				DC343AC6E39F3924AD1D5946 /* Pods */,
				202165BAA54C18A68CE60B3C /* Frameworks */,
			);
			sourceTree = "<group>";
		};
		72146A5022BE24ED007A76DF /* Products */ = {
			isa = PBXGroup;
			children = (
				72146A4F22BE24ED007A76DF /* MHPickerView.app */,
				72146A6722BE24F0007A76DF /* MHPickerViewTests.xctest */,
				72146A7222BE24F0007A76DF /* MHPickerViewUITests.xctest */,
			);
			name = Products;
			sourceTree = "<group>";
		};
		72146A5122BE24ED007A76DF /* MHPickerView */ = {
			isa = PBXGroup;
			children = (
				72146A8422BE26F9007A76DF /* MHPickerView */,
				72146A5222BE24ED007A76DF /* AppDelegate.h */,
				72146A5322BE24ED007A76DF /* AppDelegate.m */,
				72146A5522BE24ED007A76DF /* ViewController.h */,
				72146A5622BE24ED007A76DF /* ViewController.m */,
				72146A5822BE24ED007A76DF /* Main.storyboard */,
				72146A5B22BE24F0007A76DF /* Assets.xcassets */,
				72146A5D22BE24F0007A76DF /* LaunchScreen.storyboard */,
				72146A6022BE24F0007A76DF /* Info.plist */,
				72146A6122BE24F0007A76DF /* main.m */,
			);
			path = MHPickerView;
			sourceTree = "<group>";
		};
		72146A6A22BE24F0007A76DF /* MHPickerViewTests */ = {
			isa = PBXGroup;
			children = (
				72146A6B22BE24F0007A76DF /* MHPickerViewTests.m */,
				72146A6D22BE24F0007A76DF /* Info.plist */,
			);
			path = MHPickerViewTests;
			sourceTree = "<group>";
		};
		72146A7522BE24F0007A76DF /* MHPickerViewUITests */ = {
			isa = PBXGroup;
			children = (
				72146A7622BE24F0007A76DF /* MHPickerViewUITests.m */,
				72146A7822BE24F0007A76DF /* Info.plist */,
			);
			path = MHPickerViewUITests;
			sourceTree = "<group>";
		};
		72146A8422BE26F9007A76DF /* MHPickerView */ = {
			isa = PBXGroup;
			children = (
				723EA49A22C5AD2200C8E94E /* ImageSources */,
				725BCFE222C06AD300E5376A /* AddressData */,
				72146A9322BE2E86007A76DF /* AddressModel.h */,
				72146A8C22BE2E86007A76DF /* AddressModel.m */,
				72146A8D22BE2E86007A76DF /* MOFSAddressPickerView.h */,
				72146A8B22BE2E86007A76DF /* MOFSAddressPickerView.m */,
				72146A8A22BE2E86007A76DF /* MOFSDatePicker.h */,
				72146A9022BE2E86007A76DF /* MOFSDatePicker.m */,
				72146A9222BE2E86007A76DF /* MOFSPickerManager.h */,
				72146A8922BE2E86007A76DF /* MOFSPickerManager.m */,
				72146A8F22BE2E86007A76DF /* MOFSPickerView.h */,
				72146A8822BE2E86007A76DF /* MOFSPickerView.m */,
				72146A9122BE2E86007A76DF /* MOFSToolView.h */,
				72146A8E22BE2E86007A76DF /* MOFSToolView.m */,
				7239EBD822C4ABB8008E72D7 /* MHMultipleSelectionPickerView.h */,
				7239EBD922C4ABB8008E72D7 /* MHMultipleSelectionPickerView.m */,
				723EA49722C5AA3E00C8E94E /* MultipleSelectedView.h */,
				723EA49822C5AA3E00C8E94E /* MultipleSelectedView.m */,
			);
			path = MHPickerView;
			sourceTree = "<group>";
		};
		723EA49A22C5AD2200C8E94E /* ImageSources */ = {
			isa = PBXGroup;
			children = (
				723EA49B22C5AD3800C8E94E /* MH_Public_NoSelected@2x.png */,
				723EA49D22C5AD3800C8E94E /* MH_Public_NoSelected@3x.png */,
				723EA49C22C5AD3800C8E94E /* MH_Public_Selected@2x.png */,
				723EA49E22C5AD3800C8E94E /* MH_Public_Selected@3x.png */,
			);
			path = ImageSources;
			sourceTree = "<group>";
		};
		725BCFE222C06AD300E5376A /* AddressData */ = {
			isa = PBXGroup;
			children = (
				725BCFE322C06ADF00E5376A /* province_data.xml */,
			);
			path = AddressData;
			sourceTree = "<group>";
		};
		DC343AC6E39F3924AD1D5946 /* Pods */ = {
			isa = PBXGroup;
			children = (
				85A56F1DCFBE8FA623521BE2 /* Pods-MHPickerView.debug.xcconfig */,
				2E6929344D224D88D2AFE305 /* Pods-MHPickerView.release.xcconfig */,
			);
			path = Pods;
			sourceTree = "<group>";
		};
/* End PBXGroup section */

/* Begin PBXNativeTarget section */
		72146A4E22BE24ED007A76DF /* MHPickerView */ = {
			isa = PBXNativeTarget;
			buildConfigurationList = 72146A7B22BE24F0007A76DF /* Build configuration list for PBXNativeTarget "MHPickerView" */;
			buildPhases = (
				1F823F34BB168DD26B916E08 /* [CP] Check Pods Manifest.lock */,
				72146A4B22BE24ED007A76DF /* Sources */,
				72146A4C22BE24ED007A76DF /* Frameworks */,
				72146A4D22BE24ED007A76DF /* Resources */,
			);
			buildRules = (
			);
			dependencies = (
			);
			name = MHPickerView;
			productName = MHPickerView;
			productReference = 72146A4F22BE24ED007A76DF /* MHPickerView.app */;
			productType = "com.apple.product-type.application";
		};
		72146A6622BE24F0007A76DF /* MHPickerViewTests */ = {
			isa = PBXNativeTarget;
			buildConfigurationList = 72146A7E22BE24F0007A76DF /* Build configuration list for PBXNativeTarget "MHPickerViewTests" */;
			buildPhases = (
				72146A6322BE24F0007A76DF /* Sources */,
				72146A6422BE24F0007A76DF /* Frameworks */,
				72146A6522BE24F0007A76DF /* Resources */,
			);
			buildRules = (
			);
			dependencies = (
				72146A6922BE24F0007A76DF /* PBXTargetDependency */,
			);
			name = MHPickerViewTests;
			productName = MHPickerViewTests;
			productReference = 72146A6722BE24F0007A76DF /* MHPickerViewTests.xctest */;
			productType = "com.apple.product-type.bundle.unit-test";
		};
		72146A7122BE24F0007A76DF /* MHPickerViewUITests */ = {
			isa = PBXNativeTarget;
			buildConfigurationList = 72146A8122BE24F0007A76DF /* Build configuration list for PBXNativeTarget "MHPickerViewUITests" */;
			buildPhases = (
				72146A6E22BE24F0007A76DF /* Sources */,
				72146A6F22BE24F0007A76DF /* Frameworks */,
				72146A7022BE24F0007A76DF /* Resources */,
			);
			buildRules = (
			);
			dependencies = (
				72146A7422BE24F0007A76DF /* PBXTargetDependency */,
			);
			name = MHPickerViewUITests;
			productName = MHPickerViewUITests;
			productReference = 72146A7222BE24F0007A76DF /* MHPickerViewUITests.xctest */;
			productType = "com.apple.product-type.bundle.ui-testing";
		};
/* End PBXNativeTarget section */

/* Begin PBXProject section */
		72146A4722BE24ED007A76DF /* Project object */ = {
			isa = PBXProject;
			attributes = {
				LastUpgradeCheck = 1020;
				ORGANIZATIONNAME = 51vision;
				TargetAttributes = {
					72146A4E22BE24ED007A76DF = {
						CreatedOnToolsVersion = 10.2.1;
					};
					72146A6622BE24F0007A76DF = {
						CreatedOnToolsVersion = 10.2.1;
						TestTargetID = 72146A4E22BE24ED007A76DF;
					};
					72146A7122BE24F0007A76DF = {
						CreatedOnToolsVersion = 10.2.1;
						TestTargetID = 72146A4E22BE24ED007A76DF;
					};
				};
			};
			buildConfigurationList = 72146A4A22BE24ED007A76DF /* Build configuration list for PBXProject "MHPickerView" */;
			compatibilityVersion = "Xcode 9.3";
			developmentRegion = en;
			hasScannedForEncodings = 0;
			knownRegions = (
				en,
				Base,
			);
			mainGroup = 72146A4622BE24ED007A76DF;
			productRefGroup = 72146A5022BE24ED007A76DF /* Products */;
			projectDirPath = "";
			projectRoot = "";
			targets = (
				72146A4E22BE24ED007A76DF /* MHPickerView */,
				72146A6622BE24F0007A76DF /* MHPickerViewTests */,
				72146A7122BE24F0007A76DF /* MHPickerViewUITests */,
			);
		};
/* End PBXProject section */

/* Begin PBXResourcesBuildPhase section */
		72146A4D22BE24ED007A76DF /* Resources */ = {
			isa = PBXResourcesBuildPhase;
			buildActionMask = 2147483647;
			files = (
				723EA4A222C5AD3800C8E94E /* MH_Public_Selected@3x.png in Resources */,
				723EA49F22C5AD3800C8E94E /* MH_Public_NoSelected@2x.png in Resources */,
				72146A5F22BE24F0007A76DF /* LaunchScreen.storyboard in Resources */,
				72146A5C22BE24F0007A76DF /* Assets.xcassets in Resources */,
				72146A5A22BE24ED007A76DF /* Main.storyboard in Resources */,
				723EA4A122C5AD3800C8E94E /* MH_Public_NoSelected@3x.png in Resources */,
				725BCFE422C06ADF00E5376A /* province_data.xml in Resources */,
				723EA4A022C5AD3800C8E94E /* MH_Public_Selected@2x.png in Resources */,
			);
			runOnlyForDeploymentPostprocessing = 0;
		};
		72146A6522BE24F0007A76DF /* Resources */ = {
			isa = PBXResourcesBuildPhase;
			buildActionMask = 2147483647;
			files = (
			);
			runOnlyForDeploymentPostprocessing = 0;
		};
		72146A7022BE24F0007A76DF /* Resources */ = {
			isa = PBXResourcesBuildPhase;
			buildActionMask = 2147483647;
			files = (
			);
			runOnlyForDeploymentPostprocessing = 0;
		};
/* End PBXResourcesBuildPhase section */

/* Begin PBXShellScriptBuildPhase section */
		1F823F34BB168DD26B916E08 /* [CP] Check Pods Manifest.lock */ = {
			isa = PBXShellScriptBuildPhase;
			buildActionMask = 2147483647;
			files = (
			);
			inputFileListPaths = (
			);
			inputPaths = (
				"${PODS_PODFILE_DIR_PATH}/Podfile.lock",
				"${PODS_ROOT}/Manifest.lock",
			);
			name = "[CP] Check Pods Manifest.lock";
			outputFileListPaths = (
			);
			outputPaths = (
				"$(DERIVED_FILE_DIR)/Pods-MHPickerView-checkManifestLockResult.txt",
			);
			runOnlyForDeploymentPostprocessing = 0;
			shellPath = /bin/sh;
			shellScript = "diff \"${PODS_PODFILE_DIR_PATH}/Podfile.lock\" \"${PODS_ROOT}/Manifest.lock\" > /dev/null\nif [ $? != 0 ] ; then\n    # print error to STDERR\n    echo \"error: The sandbox is not in sync with the Podfile.lock. Run 'pod install' or update your CocoaPods installation.\" >&2\n    exit 1\nfi\n# This output is used by Xcode 'outputs' to avoid re-running this script phase.\necho \"SUCCESS\" > \"${SCRIPT_OUTPUT_FILE_0}\"\n";
			showEnvVarsInLog = 0;
		};
/* End PBXShellScriptBuildPhase section */

/* Begin PBXSourcesBuildPhase section */
		72146A4B22BE24ED007A76DF /* Sources */ = {
			isa = PBXSourcesBuildPhase;
			buildActionMask = 2147483647;
			files = (
				72146A9822BE2E87007A76DF /* MOFSToolView.m in Sources */,
				72146A9722BE2E87007A76DF /* AddressModel.m in Sources */,
				72146A9522BE2E87007A76DF /* MOFSPickerManager.m in Sources */,
				72146A5722BE24ED007A76DF /* ViewController.m in Sources */,
				72146A9422BE2E87007A76DF /* MOFSPickerView.m in Sources */,
				72146A6222BE24F0007A76DF /* main.m in Sources */,
				7239EBDA22C4ABB8008E72D7 /* MHMultipleSelectionPickerView.m in Sources */,
				72146A9622BE2E87007A76DF /* MOFSAddressPickerView.m in Sources */,
				723EA49922C5AA3E00C8E94E /* MultipleSelectedView.m in Sources */,
				72146A9922BE2E87007A76DF /* MOFSDatePicker.m in Sources */,
				72146A5422BE24ED007A76DF /* AppDelegate.m in Sources */,
			);
			runOnlyForDeploymentPostprocessing = 0;
		};
		72146A6322BE24F0007A76DF /* Sources */ = {
			isa = PBXSourcesBuildPhase;
			buildActionMask = 2147483647;
			files = (
				72146A6C22BE24F0007A76DF /* MHPickerViewTests.m in Sources */,
			);
			runOnlyForDeploymentPostprocessing = 0;
		};
		72146A6E22BE24F0007A76DF /* Sources */ = {
			isa = PBXSourcesBuildPhase;
			buildActionMask = 2147483647;
			files = (
				72146A7722BE24F0007A76DF /* MHPickerViewUITests.m in Sources */,
			);
			runOnlyForDeploymentPostprocessing = 0;
		};
/* End PBXSourcesBuildPhase section */

/* Begin PBXTargetDependency section */
		72146A6922BE24F0007A76DF /* PBXTargetDependency */ = {
			isa = PBXTargetDependency;
			target = 72146A4E22BE24ED007A76DF /* MHPickerView */;
			targetProxy = 72146A6822BE24F0007A76DF /* PBXContainerItemProxy */;
		};
		72146A7422BE24F0007A76DF /* PBXTargetDependency */ = {
			isa = PBXTargetDependency;
			target = 72146A4E22BE24ED007A76DF /* MHPickerView */;
			targetProxy = 72146A7322BE24F0007A76DF /* PBXContainerItemProxy */;
		};
/* End PBXTargetDependency section */

/* Begin PBXVariantGroup section */
		72146A5822BE24ED007A76DF /* Main.storyboard */ = {
			isa = PBXVariantGroup;
			children = (
				72146A5922BE24ED007A76DF /* Base */,
			);
			name = Main.storyboard;
			sourceTree = "<group>";
		};
		72146A5D22BE24F0007A76DF /* LaunchScreen.storyboard */ = {
			isa = PBXVariantGroup;
			children = (
				72146A5E22BE24F0007A76DF /* Base */,
			);
			name = LaunchScreen.storyboard;
			sourceTree = "<group>";
		};
/* End PBXVariantGroup section */

/* Begin XCBuildConfiguration section */
		72146A7922BE24F0007A76DF /* Debug */ = {
			isa = XCBuildConfiguration;
			buildSettings = {
				ALWAYS_SEARCH_USER_PATHS = NO;
				CLANG_ANALYZER_NONNULL = YES;
				CLANG_ANALYZER_NUMBER_OBJECT_CONVERSION = YES_AGGRESSIVE;
				CLANG_CXX_LANGUAGE_STANDARD = "gnu++14";
				CLANG_CXX_LIBRARY = "libc++";
				CLANG_ENABLE_MODULES = YES;
				CLANG_ENABLE_OBJC_ARC = YES;
				CLANG_ENABLE_OBJC_WEAK = YES;
				CLANG_WARN_BLOCK_CAPTURE_AUTORELEASING = YES;
				CLANG_WARN_BOOL_CONVERSION = YES;
				CLANG_WARN_COMMA = YES;
				CLANG_WARN_CONSTANT_CONVERSION = YES;
				CLANG_WARN_DEPRECATED_OBJC_IMPLEMENTATIONS = YES;
				CLANG_WARN_DIRECT_OBJC_ISA_USAGE = YES_ERROR;
				CLANG_WARN_DOCUMENTATION_COMMENTS = YES;
				CLANG_WARN_EMPTY_BODY = YES;
				CLANG_WARN_ENUM_CONVERSION = YES;
				CLANG_WARN_INFINITE_RECURSION = YES;
				CLANG_WARN_INT_CONVERSION = YES;
				CLANG_WARN_NON_LITERAL_NULL_CONVERSION = YES;
				CLANG_WARN_OBJC_IMPLICIT_RETAIN_SELF = YES;
				CLANG_WARN_OBJC_LITERAL_CONVERSION = YES;
				CLANG_WARN_OBJC_ROOT_CLASS = YES_ERROR;
				CLANG_WARN_RANGE_LOOP_ANALYSIS = YES;
				CLANG_WARN_STRICT_PROTOTYPES = YES;
				CLANG_WARN_SUSPICIOUS_MOVE = YES;
				CLANG_WARN_UNGUARDED_AVAILABILITY = YES_AGGRESSIVE;
				CLANG_WARN_UNREACHABLE_CODE = YES;
				CLANG_WARN__DUPLICATE_METHOD_MATCH = YES;
				CODE_SIGN_IDENTITY = "iPhone Developer";
				COPY_PHASE_STRIP = NO;
				DEBUG_INFORMATION_FORMAT = dwarf;
				ENABLE_STRICT_OBJC_MSGSEND = YES;
				ENABLE_TESTABILITY = YES;
				GCC_C_LANGUAGE_STANDARD = gnu11;
				GCC_DYNAMIC_NO_PIC = NO;
				GCC_NO_COMMON_BLOCKS = YES;
				GCC_OPTIMIZATION_LEVEL = 0;
				GCC_PREPROCESSOR_DEFINITIONS = (
					"DEBUG=1",
					"$(inherited)",
				);
				GCC_WARN_64_TO_32_BIT_CONVERSION = YES;
				GCC_WARN_ABOUT_RETURN_TYPE = YES_ERROR;
				GCC_WARN_UNDECLARED_SELECTOR = YES;
				GCC_WARN_UNINITIALIZED_AUTOS = YES_AGGRESSIVE;
				GCC_WARN_UNUSED_FUNCTION = YES;
				GCC_WARN_UNUSED_VARIABLE = YES;
				IPHONEOS_DEPLOYMENT_TARGET = 12.2;
				MTL_ENABLE_DEBUG_INFO = INCLUDE_SOURCE;
				MTL_FAST_MATH = YES;
				ONLY_ACTIVE_ARCH = YES;
				SDKROOT = iphoneos;
			};
			name = Debug;
		};
		72146A7A22BE24F0007A76DF /* Release */ = {
			isa = XCBuildConfiguration;
			buildSettings = {
				ALWAYS_SEARCH_USER_PATHS = NO;
				CLANG_ANALYZER_NONNULL = YES;
				CLANG_ANALYZER_NUMBER_OBJECT_CONVERSION = YES_AGGRESSIVE;
				CLANG_CXX_LANGUAGE_STANDARD = "gnu++14";
				CLANG_CXX_LIBRARY = "libc++";
				CLANG_ENABLE_MODULES = YES;
				CLANG_ENABLE_OBJC_ARC = YES;
				CLANG_ENABLE_OBJC_WEAK = YES;
				CLANG_WARN_BLOCK_CAPTURE_AUTORELEASING = YES;
				CLANG_WARN_BOOL_CONVERSION = YES;
				CLANG_WARN_COMMA = YES;
				CLANG_WARN_CONSTANT_CONVERSION = YES;
				CLANG_WARN_DEPRECATED_OBJC_IMPLEMENTATIONS = YES;
				CLANG_WARN_DIRECT_OBJC_ISA_USAGE = YES_ERROR;
				CLANG_WARN_DOCUMENTATION_COMMENTS = YES;
				CLANG_WARN_EMPTY_BODY = YES;
				CLANG_WARN_ENUM_CONVERSION = YES;
				CLANG_WARN_INFINITE_RECURSION = YES;
				CLANG_WARN_INT_CONVERSION = YES;
				CLANG_WARN_NON_LITERAL_NULL_CONVERSION = YES;
				CLANG_WARN_OBJC_IMPLICIT_RETAIN_SELF = YES;
				CLANG_WARN_OBJC_LITERAL_CONVERSION = YES;
				CLANG_WARN_OBJC_ROOT_CLASS = YES_ERROR;
				CLANG_WARN_RANGE_LOOP_ANALYSIS = YES;
				CLANG_WARN_STRICT_PROTOTYPES = YES;
				CLANG_WARN_SUSPICIOUS_MOVE = YES;
				CLANG_WARN_UNGUARDED_AVAILABILITY = YES_AGGRESSIVE;
				CLANG_WARN_UNREACHABLE_CODE = YES;
				CLANG_WARN__DUPLICATE_METHOD_MATCH = YES;
				CODE_SIGN_IDENTITY = "iPhone Developer";
				COPY_PHASE_STRIP = NO;
				DEBUG_INFORMATION_FORMAT = "dwarf-with-dsym";
				ENABLE_NS_ASSERTIONS = NO;
				ENABLE_STRICT_OBJC_MSGSEND = YES;
				GCC_C_LANGUAGE_STANDARD = gnu11;
				GCC_NO_COMMON_BLOCKS = YES;
				GCC_WARN_64_TO_32_BIT_CONVERSION = YES;
				GCC_WARN_ABOUT_RETURN_TYPE = YES_ERROR;
				GCC_WARN_UNDECLARED_SELECTOR = YES;
				GCC_WARN_UNINITIALIZED_AUTOS = YES_AGGRESSIVE;
				GCC_WARN_UNUSED_FUNCTION = YES;
				GCC_WARN_UNUSED_VARIABLE = YES;
				IPHONEOS_DEPLOYMENT_TARGET = 12.2;
				MTL_ENABLE_DEBUG_INFO = NO;
				MTL_FAST_MATH = YES;
				SDKROOT = iphoneos;
				VALIDATE_PRODUCT = YES;
			};
			name = Release;
		};
		72146A7C22BE24F0007A76DF /* Debug */ = {
			isa = XCBuildConfiguration;
			baseConfigurationReference = 85A56F1DCFBE8FA623521BE2 /* Pods-MHPickerView.debug.xcconfig */;
			buildSettings = {
				ASSETCATALOG_COMPILER_APPICON_NAME = AppIcon;
				CODE_SIGN_STYLE = Automatic;
				DEVELOPMENT_TEAM = GXWY7CYSYH;
				INFOPLIST_FILE = MHPickerView/Info.plist;
				IPHONEOS_DEPLOYMENT_TARGET = 9.0;
				LD_RUNPATH_SEARCH_PATHS = (
					"$(inherited)",
					"@executable_path/Frameworks",
				);
				PRODUCT_BUNDLE_IDENTIFIER = com.51vision.MHPickerView;
				PRODUCT_NAME = "$(TARGET_NAME)";
				TARGETED_DEVICE_FAMILY = "1,2";
			};
			name = Debug;
		};
		72146A7D22BE24F0007A76DF /* Release */ = {
			isa = XCBuildConfiguration;
			baseConfigurationReference = 2E6929344D224D88D2AFE305 /* Pods-MHPickerView.release.xcconfig */;
			buildSettings = {
				ASSETCATALOG_COMPILER_APPICON_NAME = AppIcon;
				CODE_SIGN_STYLE = Automatic;
				DEVELOPMENT_TEAM = GXWY7CYSYH;
				INFOPLIST_FILE = MHPickerView/Info.plist;
				IPHONEOS_DEPLOYMENT_TARGET = 9.0;
				LD_RUNPATH_SEARCH_PATHS = (
					"$(inherited)",
					"@executable_path/Frameworks",
				);
				PRODUCT_BUNDLE_IDENTIFIER = com.51vision.MHPickerView;
				PRODUCT_NAME = "$(TARGET_NAME)";
				TARGETED_DEVICE_FAMILY = "1,2";
			};
			name = Release;
		};
		72146A7F22BE24F0007A76DF /* Debug */ = {
			isa = XCBuildConfiguration;
			buildSettings = {
				BUNDLE_LOADER = "$(TEST_HOST)";
				CODE_SIGN_STYLE = Automatic;
				DEVELOPMENT_TEAM = GXWY7CYSYH;
				INFOPLIST_FILE = MHPickerViewTests/Info.plist;
				LD_RUNPATH_SEARCH_PATHS = (
					"$(inherited)",
					"@executable_path/Frameworks",
					"@loader_path/Frameworks",
				);
				PRODUCT_BUNDLE_IDENTIFIER = com.51vision.MHPickerViewTests;
				PRODUCT_NAME = "$(TARGET_NAME)";
				TARGETED_DEVICE_FAMILY = "1,2";
				TEST_HOST = "$(BUILT_PRODUCTS_DIR)/MHPickerView.app/MHPickerView";
			};
			name = Debug;
		};
		72146A8022BE24F0007A76DF /* Release */ = {
			isa = XCBuildConfiguration;
			buildSettings = {
				BUNDLE_LOADER = "$(TEST_HOST)";
				CODE_SIGN_STYLE = Automatic;
				DEVELOPMENT_TEAM = GXWY7CYSYH;
				INFOPLIST_FILE = MHPickerViewTests/Info.plist;
				LD_RUNPATH_SEARCH_PATHS = (
					"$(inherited)",
					"@executable_path/Frameworks",
					"@loader_path/Frameworks",
				);
				PRODUCT_BUNDLE_IDENTIFIER = com.51vision.MHPickerViewTests;
				PRODUCT_NAME = "$(TARGET_NAME)";
				TARGETED_DEVICE_FAMILY = "1,2";
				TEST_HOST = "$(BUILT_PRODUCTS_DIR)/MHPickerView.app/MHPickerView";
			};
			name = Release;
		};
		72146A8222BE24F0007A76DF /* Debug */ = {
			isa = XCBuildConfiguration;
			buildSettings = {
				CODE_SIGN_STYLE = Automatic;
				DEVELOPMENT_TEAM = GXWY7CYSYH;
				INFOPLIST_FILE = MHPickerViewUITests/Info.plist;
				LD_RUNPATH_SEARCH_PATHS = (
					"$(inherited)",
					"@executable_path/Frameworks",
					"@loader_path/Frameworks",
				);
				PRODUCT_BUNDLE_IDENTIFIER = com.51vision.MHPickerViewUITests;
				PRODUCT_NAME = "$(TARGET_NAME)";
				TARGETED_DEVICE_FAMILY = "1,2";
				TEST_TARGET_NAME = MHPickerView;
			};
			name = Debug;
		};
		72146A8322BE24F0007A76DF /* Release */ = {
			isa = XCBuildConfiguration;
			buildSettings = {
				CODE_SIGN_STYLE = Automatic;
				DEVELOPMENT_TEAM = GXWY7CYSYH;
				INFOPLIST_FILE = MHPickerViewUITests/Info.plist;
				LD_RUNPATH_SEARCH_PATHS = (
					"$(inherited)",
					"@executable_path/Frameworks",
					"@loader_path/Frameworks",
				);
				PRODUCT_BUNDLE_IDENTIFIER = com.51vision.MHPickerViewUITests;
				PRODUCT_NAME = "$(TARGET_NAME)";
				TARGETED_DEVICE_FAMILY = "1,2";
				TEST_TARGET_NAME = MHPickerView;
			};
			name = Release;
		};
/* End XCBuildConfiguration section */

/* Begin XCConfigurationList section */
		72146A4A22BE24ED007A76DF /* Build configuration list for PBXProject "MHPickerView" */ = {
			isa = XCConfigurationList;
			buildConfigurations = (
				72146A7922BE24F0007A76DF /* Debug */,
				72146A7A22BE24F0007A76DF /* Release */,
			);
			defaultConfigurationIsVisible = 0;
			defaultConfigurationName = Release;
		};
		72146A7B22BE24F0007A76DF /* Build configuration list for PBXNativeTarget "MHPickerView" */ = {
			isa = XCConfigurationList;
			buildConfigurations = (
				72146A7C22BE24F0007A76DF /* Debug */,
				72146A7D22BE24F0007A76DF /* Release */,
			);
			defaultConfigurationIsVisible = 0;
			defaultConfigurationName = Release;
		};
		72146A7E22BE24F0007A76DF /* Build configuration list for PBXNativeTarget "MHPickerViewTests" */ = {
			isa = XCConfigurationList;
			buildConfigurations = (
				72146A7F22BE24F0007A76DF /* Debug */,
				72146A8022BE24F0007A76DF /* Release */,
			);
			defaultConfigurationIsVisible = 0;
			defaultConfigurationName = Release;
		};
		72146A8122BE24F0007A76DF /* Build configuration list for PBXNativeTarget "MHPickerViewUITests" */ = {
			isa = XCConfigurationList;
			buildConfigurations = (
				72146A8222BE24F0007A76DF /* Debug */,
				72146A8322BE24F0007A76DF /* Release */,
			);
			defaultConfigurationIsVisible = 0;
			defaultConfigurationName = Release;
		};
/* End XCConfigurationList section */
	};
	rootObject = 72146A4722BE24ED007A76DF /* Project object */;
}
